{
  "requires": true,
  "lockfileVersion": 1,
  "dependencies": {
    "eskape": {
      "version": "1.2.0",
      "resolved": "https://registry.npmjs.org/eskape/-/eskape-1.2.0.tgz",
      "integrity": "sha1-BwI192mt6kFsIHfOIYqkH2S2118=",
      "requires": {
        "lodash.escape": "^4.0.0"
      }
    },
    "lodash.escape": {
      "version": "4.0.1",
      "resolved": "https://registry.npmjs.org/lodash.escape/-/lodash.escape-4.0.1.tgz",
      "integrity": "sha1-yQRGkMIeBClL6qUXcS/e0fqI3pg="
    },
    "react-escape-html": {
      "version": "1.0.5",
      "resolved": "https://registry.npmjs.org/react-escape-html/-/react-escape-html-1.0.5.tgz",
      "integrity": "sha1-79LA26xy55rWi5Pco01D6NyJxWw=",
      "requires": {
        "eskape": "^1.2.0"
      }
    }
  }
}
